
Microsoft Visual Studio Solution File, Format Version 12.00
# Visual Studio Version 16
VisualStudioVersion = 16.0.31727.386
MinimumVisualStudioVersion = 10.0.40219.1
Project("{F184B08F-C81C-45F6-A57F-5ABD9991F28F}") = "Launcher", "Launcher\Launcher.vbproj", "{87D4DDDE-DE9B-4244-832D-3330C8B1956F}"
EndProject
Project("{2150E333-8FDC-42A3-9474-1A3956D46DE8}") = "Solution Items", "Solution Items", "{34E3F5EF-C2D5-4302-B075-F261BD358462}"
	ProjectSection(SolutionItems) = preProject
		.editorconfig = .editorconfig
	EndProjectSection
EndProject
Global
	GlobalSection(SolutionConfigurationPlatforms) = preSolution
		Debug|Any CPU = Debug|Any CPU
		Release|Any CPU = Release|Any CPU
	EndGlobalSection
	GlobalSection(ProjectConfigurationPlatforms) = postSolution
		{87D4DDDE-DE9B-4244-832D-3330C8B1956F}.Debug|Any CPU.ActiveCfg = Debug|Any CPU
		{87D4DDDE-DE9B-4244-832D-3330C8B1956F}.Debug|Any CPU.Build.0 = Debug|Any CPU
		{87D4DDDE-DE9B-4244-832D-3330C8B1956F}.Release|Any CPU.ActiveCfg = Release|Any CPU
		{87D4DDDE-DE9B-4244-832D-3330C8B1956F}.Release|Any CPU.Build.0 = Release|Any CPU
	EndGlobalSection
	GlobalSection(SolutionProperties) = preSolution
		HideSolutionNode = FALSE
	EndGlobalSection
	GlobalSection(ExtensibilityGlobals) = postSolution
		SolutionGuid = {6038D377-8E91-4DBE-8750-CAE858C85107}
	EndGlobalSection
EndGlobal
